
Microsoft Visual Studio Solution File, Format Version 12.00
# Visual Studio Version 17
VisualStudioVersion = 17.0.31903.59
MinimumVisualStudioVersion = 10.0.40219.1
Project("{2150E333-8FDC-42A3-9474-1A3956D46DE8}") = "src", "src", "{827E0CD3-B72D-47B6-A68D-7590B98EB39B}"
EndProject
Project("{FAE04EC0-301F-11D3-BF4B-00C04F79EFBC}") = "Snowflake.Data", "src\Snowflake.Data\Snowflake.Data.csproj", "{DE155C68-3063-4D00-A514-37E92CC73DB5}"
EndProject
Project("{2150E333-8FDC-42A3-9474-1A3956D46DE8}") = "tests", "tests", "{0AB3BF05-4346-4AA6-1389-037BE0695223}"
EndProject
Project("{FAE04EC0-301F-11D3-BF4B-00C04F79EFBC}") = "Snowflake.Data.Tests", "tests\Snowflake.Data.Tests\Snowflake.Data.Tests.csproj", "{ED4A5D71-499C-4CC6-992F-8862A4C4DD76}"
EndProject
Global
	GlobalSection(SolutionConfigurationPlatforms) = preSolution
		Debug|Any CPU = Debug|Any CPU
		Debug|x64 = Debug|x64
		Debug|x86 = Debug|x86
		Release|Any CPU = Release|Any CPU
		Release|x64 = Release|x64
		Release|x86 = Release|x86
	EndGlobalSection
	GlobalSection(ProjectConfigurationPlatforms) = postSolution
		{DE155C68-3063-4D00-A514-37E92CC73DB5}.Debug|Any CPU.ActiveCfg = Debug|Any CPU
		{DE155C68-3063-4D00-A514-37E92CC73DB5}.Debug|Any CPU.Build.0 = Debug|Any CPU
		{DE155C68-3063-4D00-A514-37E92CC73DB5}.Debug|x64.ActiveCfg = Debug|Any CPU
		{DE155C68-3063-4D00-A514-37E92CC73DB5}.Debug|x64.Build.0 = Debug|Any CPU
		{DE155C68-3063-4D00-A514-37E92CC73DB5}.Debug|x86.ActiveCfg = Debug|Any CPU
		{DE155C68-3063-4D00-A514-37E92CC73DB5}.Debug|x86.Build.0 = Debug|Any CPU
		{DE155C68-3063-4D00-A514-37E92CC73DB5}.Release|Any CPU.ActiveCfg = Release|Any CPU
		{DE155C68-3063-4D00-A514-37E92CC73DB5}.Release|Any CPU.Build.0 = Release|Any CPU
		{DE155C68-3063-4D00-A514-37E92CC73DB5}.Release|x64.ActiveCfg = Release|Any CPU
		{DE155C68-3063-4D00-A514-37E92CC73DB5}.Release|x64.Build.0 = Release|Any CPU
		{DE155C68-3063-4D00-A514-37E92CC73DB5}.Release|x86.ActiveCfg = Release|Any CPU
		{DE155C68-3063-4D00-A514-37E92CC73DB5}.Release|x86.Build.0 = Release|Any CPU
		{ED4A5D71-499C-4CC6-992F-8862A4C4DD76}.Debug|Any CPU.ActiveCfg = Debug|Any CPU
		{ED4A5D71-499C-4CC6-992F-8862A4C4DD76}.Debug|Any CPU.Build.0 = Debug|Any CPU
		{ED4A5D71-499C-4CC6-992F-8862A4C4DD76}.Debug|x64.ActiveCfg = Debug|Any CPU
		{ED4A5D71-499C-4CC6-992F-8862A4C4DD76}.Debug|x64.Build.0 = Debug|Any CPU
		{ED4A5D71-499C-4CC6-992F-8862A4C4DD76}.Debug|x86.ActiveCfg = Debug|Any CPU
		{ED4A5D71-499C-4CC6-992F-8862A4C4DD76}.Debug|x86.Build.0 = Debug|Any CPU
		{ED4A5D71-499C-4CC6-992F-8862A4C4DD76}.Release|Any CPU.ActiveCfg = Release|Any CPU
		{ED4A5D71-499C-4CC6-992F-8862A4C4DD76}.Release|Any CPU.Build.0 = Release|Any CPU
		{ED4A5D71-499C-4CC6-992F-8862A4C4DD76}.Release|x64.ActiveCfg = Release|Any CPU
		{ED4A5D71-499C-4CC6-992F-8862A4C4DD76}.Release|x64.Build.0 = Release|Any CPU
		{ED4A5D71-499C-4CC6-992F-8862A4C4DD76}.Release|x86.ActiveCfg = Release|Any CPU
		{ED4A5D71-499C-4CC6-992F-8862A4C4DD76}.Release|x86.Build.0 = Release|Any CPU
	EndGlobalSection
	GlobalSection(SolutionProperties) = preSolution
		HideSolutionNode = FALSE
	EndGlobalSection
	GlobalSection(NestedProjects) = preSolution
		{DE155C68-3063-4D00-A514-37E92CC73DB5} = {827E0CD3-B72D-47B6-A68D-7590B98EB39B}
		{ED4A5D71-499C-4CC6-992F-8862A4C4DD76} = {0AB3BF05-4346-4AA6-1389-037BE0695223}
	EndGlobalSection
EndGlobal
